Microsoft Visual Studio Solution File, Format Version 12.00
# Visual Studio Version 16
VisualStudioVersion = 16.0.30002.166
MinimumVisualStudioVersion = 10.0.40219.1
Project("{FAE04EC0-301F-11D3-BF4B-00C04F79EFBC}") = "ProceduralPlanet", "ProceduralPlanet.csproj", "{8ECBA93F-4A86-449E-A3D4-5BD6263237F6}"
EndProject
Global
	GlobalSection(SolutionConfigurationPlatforms) = preSolution
		Debug|Any CPU = Debug|Any CPU
		Release|Any CPU = Release|Any CPU
		Tools|Any CPU = Tools|Any CPU
	EndGlobalSection
	GlobalSection(ProjectConfigurationPlatforms) = postSolution
		{8ECBA93F-4A86-449E-A3D4-5BD6263237F6}.Debug|Any CPU.ActiveCfg = Debug|Any CPU
		{8ECBA93F-4A86-449E-A3D4-5BD6263237F6}.Debug|Any CPU.Build.0 = Debug|Any CPU
		{8ECBA93F-4A86-449E-A3D4-5BD6263237F6}.Release|Any CPU.ActiveCfg = Release|Any CPU
		{8ECBA93F-4A86-449E-A3D4-5BD6263237F6}.Release|Any CPU.Build.0 = Release|Any CPU
		{8ECBA93F-4A86-449E-A3D4-5BD6263237F6}.Tools|Any CPU.ActiveCfg = Tools|Any CPU
		{8ECBA93F-4A86-449E-A3D4-5BD6263237F6}.Tools|Any CPU.Build.0 = Tools|Any CPU
	EndGlobalSection
	GlobalSection(SolutionProperties) = preSolution
		HideSolutionNode = FALSE
	EndGlobalSection
	GlobalSection(ExtensibilityGlobals) = postSolution
		SolutionGuid = {3E0933D6-B1E7-4903-8EB7-421DF3065AEC}
	EndGlobalSection
EndGlobal
